
Microsoft Visual Studio Solution File, Format Version 12.00
# Visual Studio Version 17
VisualStudioVersion = 17.3.32804.467
MinimumVisualStudioVersion = 10.0.40219.1
Project("{FAE04EC0-301F-11D3-BF4B-00C04F79EFBC}") = "Simulador_TabelaPrice", "Simulador_TabelaPrice\Simulador_TabelaPrice.csproj", "{F73F6EF4-D6A3-4C68-882C-2BB5FF20DC84}"
EndProject
Global
	GlobalSection(SolutionConfigurationPlatforms) = preSolution
		Debug|Any CPU = Debug|Any CPU
		Release|Any CPU = Release|Any CPU
	EndGlobalSection
	GlobalSection(ProjectConfigurationPlatforms) = postSolution
		{F73F6EF4-D6A3-4C68-882C-2BB5FF20DC84}.Debug|Any CPU.ActiveCfg = Debug|Any CPU
		{F73F6EF4-D6A3-4C68-882C-2BB5FF20DC84}.Debug|Any CPU.Build.0 = Debug|Any CPU
		{F73F6EF4-D6A3-4C68-882C-2BB5FF20DC84}.Release|Any CPU.ActiveCfg = Release|Any CPU
		{F73F6EF4-D6A3-4C68-882C-2BB5FF20DC84}.Release|Any CPU.Build.0 = Release|Any CPU
	EndGlobalSection
	GlobalSection(SolutionProperties) = preSolution
		HideSolutionNode = FALSE
	EndGlobalSection
	GlobalSection(ExtensibilityGlobals) = postSolution
		SolutionGuid = {AB021D54-7C9E-4F50-9FE4-600ED3F96279}
	EndGlobalSection
EndGlobal
